
Microsoft Visual Studio Solution File, Format Version 12.00
# Visual Studio Version 17
VisualStudioVersion = 17.5.33530.505
MinimumVisualStudioVersion = 10.0.40219.1
Project("{9A19103F-16F7-4668-BE54-9A1E7A4F7556}") = "ParkMe", "ParkMe.csproj", "{6219D19E-26C0-4236-836D-84BE8E5E13D8}"
EndProject
Global
	GlobalSection(SolutionConfigurationPlatforms) = preSolution
		Debug|Any CPU = Debug|Any CPU
		Release|Any CPU = Release|Any CPU
	EndGlobalSection
	GlobalSection(ProjectConfigurationPlatforms) = postSolution
		{6219D19E-26C0-4236-836D-84BE8E5E13D8}.Debug|Any CPU.ActiveCfg = Debug|Any CPU
		{6219D19E-26C0-4236-836D-84BE8E5E13D8}.Debug|Any CPU.Build.0 = Debug|Any CPU
		{6219D19E-26C0-4236-836D-84BE8E5E13D8}.Release|Any CPU.ActiveCfg = Release|Any CPU
		{6219D19E-26C0-4236-836D-84BE8E5E13D8}.Release|Any CPU.Build.0 = Release|Any CPU
	EndGlobalSection
	GlobalSection(SolutionProperties) = preSolution
		HideSolutionNode = FALSE
	EndGlobalSection
	GlobalSection(ExtensibilityGlobals) = postSolution
		SolutionGuid = {7061C0CB-9C2A-4A8D-81F2-0AEDBA91F4DA}
	EndGlobalSection
EndGlobal
